{
  "projects": [
    {
      "projectId": "seaQhLVS4bbjiGvJJrRwyL",
      "version": "15.0.3",
      "dependencies": {},
      "lang": "ts",
      "fileLocks": [
        {
          "assetId": "seaQhLVS4bbjiGvJJrRwyL",
          "type": "projectCss",
          "checksum": "dc88471beadb978e51eb3ceb75d10fdb"
        }
      ]
    },
    {
      "projectId": "uhjxjVT6QbAZLostZzQbnY",
      "version": "latest",
      "dependencies": {
        "seaQhLVS4bbjiGvJJrRwyL": "15.0.3"
      },
      "lang": "ts",
      "fileLocks": [
        {
          "type": "globalVariant",
          "assetId": "cEbw2qKx5Gc4Ev",
          "checksum": "0b516ef5287022202e1786311b700268"
        },
        {
          "type": "globalVariant",
          "assetId": "tRQJoaqBmu",
          "checksum": "6dae84ae4d70f21f8f5b3f059e5abbf0"
        },
        {
          "type": "renderModule",
          "assetId": "GScOQhOCWSccf",
          "checksum": "ebc3e41a777dbaae16bf4a69e911fc88"
        },
        {
          "type": "cssRules",
          "assetId": "GScOQhOCWSccf",
          "checksum": "ebc3e41a777dbaae16bf4a69e911fc88"
        },
        {
          "type": "renderModule",
          "assetId": "LiSRy1gX3K1f_",
          "checksum": "bd9fcd6b7461426172d6e3af06e404b0"
        },
        {
          "type": "cssRules",
          "assetId": "LiSRy1gX3K1f_",
          "checksum": "bd9fcd6b7461426172d6e3af06e404b0"
        },
        {
          "type": "renderModule",
          "assetId": "hAQwGsbgS09gH",
          "checksum": "89c300745d8ad75b023b95c9d34a7e3e"
        },
        {
          "type": "cssRules",
          "assetId": "hAQwGsbgS09gH",
          "checksum": "89c300745d8ad75b023b95c9d34a7e3e"
        },
        {
          "type": "renderModule",
          "assetId": "Nv2df4VJh9nrf",
          "checksum": "5b4660c26224f572b8288bbdd6a0caff"
        },
        {
          "type": "cssRules",
          "assetId": "Nv2df4VJh9nrf",
          "checksum": "5b4660c26224f572b8288bbdd6a0caff"
        },
        {
          "type": "renderModule",
          "assetId": "N2kDS4guWeqLB",
          "checksum": "1618c2e73eb27b05585ad70089cf99bc"
        },
        {
          "type": "cssRules",
          "assetId": "N2kDS4guWeqLB",
          "checksum": "1618c2e73eb27b05585ad70089cf99bc"
        },
        {
          "type": "renderModule",
          "assetId": "625oINhfxRLzG",
          "checksum": "aa0a934133e3e4a007174d7f53c0f1b7"
        },
        {
          "type": "cssRules",
          "assetId": "625oINhfxRLzG",
          "checksum": "aa0a934133e3e4a007174d7f53c0f1b7"
        },
        {
          "type": "renderModule",
          "assetId": "fKZXqJAVxWinh",
          "checksum": "5790dc40ff300ff682195072c001ea08"
        },
        {
          "type": "cssRules",
          "assetId": "fKZXqJAVxWinh",
          "checksum": "5790dc40ff300ff682195072c001ea08"
        },
        {
          "type": "renderModule",
          "assetId": "VqjkFxSwk67zU",
          "checksum": "0493099f55dda281acbf17066361ecdf"
        },
        {
          "type": "cssRules",
          "assetId": "VqjkFxSwk67zU",
          "checksum": "0493099f55dda281acbf17066361ecdf"
        },
        {
          "type": "renderModule",
          "assetId": "MbX3pXP-Npo9k",
          "checksum": "027f444c54e3f8d1543c2060efbd94f8"
        },
        {
          "type": "cssRules",
          "assetId": "MbX3pXP-Npo9k",
          "checksum": "027f444c54e3f8d1543c2060efbd94f8"
        },
        {
          "type": "renderModule",
          "assetId": "ASjtO0jmSNoH8E",
          "checksum": "c0b020eff7b18d16045afe334d40710f"
        },
        {
          "type": "cssRules",
          "assetId": "ASjtO0jmSNoH8E",
          "checksum": "c0b020eff7b18d16045afe334d40710f"
        },
        {
          "type": "renderModule",
          "assetId": "s5IQ2d-8Gd0ebY",
          "checksum": "5ed5e72edf480ed5a883618cc2e5ae10"
        },
        {
          "type": "cssRules",
          "assetId": "s5IQ2d-8Gd0ebY",
          "checksum": "5ed5e72edf480ed5a883618cc2e5ae10"
        },
        {
          "type": "renderModule",
          "assetId": "0GPIrbnVLZcAQ1",
          "checksum": "12092210830cbcdfb28b8200448c86fd"
        },
        {
          "type": "cssRules",
          "assetId": "0GPIrbnVLZcAQ1",
          "checksum": "12092210830cbcdfb28b8200448c86fd"
        },
        {
          "type": "renderModule",
          "assetId": "Zc5zsu0_pie2Wt",
          "checksum": "9d510d0510118461938b02d5338a1eb7"
        },
        {
          "type": "cssRules",
          "assetId": "Zc5zsu0_pie2Wt",
          "checksum": "9d510d0510118461938b02d5338a1eb7"
        },
        {
          "type": "renderModule",
          "assetId": "iVcoQgkTcHIe5O",
          "checksum": "871ce8f07ff16dadeb25115a3be4a29f"
        },
        {
          "type": "cssRules",
          "assetId": "iVcoQgkTcHIe5O",
          "checksum": "871ce8f07ff16dadeb25115a3be4a29f"
        },
        {
          "type": "renderModule",
          "assetId": "OU-3v4LCAeJkCN",
          "checksum": "86ae5db4e1a33a6c0a36b6cd329b5d32"
        },
        {
          "type": "cssRules",
          "assetId": "OU-3v4LCAeJkCN",
          "checksum": "86ae5db4e1a33a6c0a36b6cd329b5d32"
        },
        {
          "type": "renderModule",
          "assetId": "jhnS_v6HGz",
          "checksum": "bb09a875ab7b20e839de85edeb8d196f"
        },
        {
          "type": "cssRules",
          "assetId": "jhnS_v6HGz",
          "checksum": "bb09a875ab7b20e839de85edeb8d196f"
        },
        {
          "type": "renderModule",
          "assetId": "3mrC-Y_5Jo",
          "checksum": "7fd74bc7f0b7ef97148eb4e71c3b743c"
        },
        {
          "type": "cssRules",
          "assetId": "3mrC-Y_5Jo",
          "checksum": "7fd74bc7f0b7ef97148eb4e71c3b743c"
        },
        {
          "type": "renderModule",
          "assetId": "zfH50axSPvl",
          "checksum": "4b73111cb4bb1aa8b6002dfdaea46726"
        },
        {
          "type": "cssRules",
          "assetId": "zfH50axSPvl",
          "checksum": "4b73111cb4bb1aa8b6002dfdaea46726"
        },
        {
          "type": "renderModule",
          "assetId": "_4SSVwbanKj",
          "checksum": "59f61f824ed9459a5ddd6ca30c1c6786"
        },
        {
          "type": "cssRules",
          "assetId": "_4SSVwbanKj",
          "checksum": "59f61f824ed9459a5ddd6ca30c1c6786"
        },
        {
          "type": "renderModule",
          "assetId": "pa50bfxK1QN",
          "checksum": "acb1362394e83f2e21bfdc38cb9f3404"
        },
        {
          "type": "cssRules",
          "assetId": "pa50bfxK1QN",
          "checksum": "acb1362394e83f2e21bfdc38cb9f3404"
        },
        {
          "type": "renderModule",
          "assetId": "fMVhuyPqRaE",
          "checksum": "25c86f171aeeff44c0fedf4f9d483d8c"
        },
        {
          "type": "cssRules",
          "assetId": "fMVhuyPqRaE",
          "checksum": "25c86f171aeeff44c0fedf4f9d483d8c"
        },
        {
          "type": "renderModule",
          "assetId": "q_Z45ut691D",
          "checksum": "8674e590a96389a3c55e78276897eab1"
        },
        {
          "type": "cssRules",
          "assetId": "q_Z45ut691D",
          "checksum": "8674e590a96389a3c55e78276897eab1"
        },
        {
          "type": "image",
          "assetId": "W8ddafX387IBM9",
          "checksum": "bfd95feff13a48d94d68ca4aa0a2be29"
        },
        {
          "type": "image",
          "assetId": "xkSW3ne1Be6I52",
          "checksum": "02ec9301c88da18fe06c955f0ada6688"
        },
        {
          "type": "image",
          "assetId": "lhDxzZozRdcOXw",
          "checksum": "5aa5ef844cdb11a67797de1f4954ae87"
        },
        {
          "type": "image",
          "assetId": "F3QozmTfleoGtT",
          "checksum": "a19844f4652c9c2101c721e15533e771"
        },
        {
          "type": "image",
          "assetId": "EPr_fneyi",
          "checksum": "b06c89548e7faa513a15bb5b7a63ef5d"
        },
        {
          "type": "image",
          "assetId": "dFY87Bfka",
          "checksum": "6455248efb669fc73c2e63a4a4a0e26a"
        },
        {
          "type": "image",
          "assetId": "7UAA7gz0L",
          "checksum": "86aaf146951a537e040bcfdca1fa36bf"
        },
        {
          "type": "image",
          "assetId": "YXKv5wmWR",
          "checksum": "e1a7213ed45358c040c9a4eb46ec8e52"
        },
        {
          "type": "image",
          "assetId": "V3LLNshCc",
          "checksum": "332130ccbb20c9a01305230d0321a3e4"
        },
        {
          "type": "image",
          "assetId": "XZUDq2Hj3",
          "checksum": "c33b9ef148509b0fa2e960755371542d"
        },
        {
          "type": "image",
          "assetId": "YX-4a6IZm",
          "checksum": "fbb56f9d67f77e582e426e4a29919b07"
        },
        {
          "type": "image",
          "assetId": "_MhXfc357",
          "checksum": "76dcec909df336e92b65ba3356f99bc2"
        },
        {
          "type": "image",
          "assetId": "Up_jv_qjD",
          "checksum": "5181845c20bc20ecb94caef23ce6e1eb"
        },
        {
          "type": "image",
          "assetId": "7Hid4YbPv",
          "checksum": "e8b691d3ca0d0796b00a928b71b74cc1"
        },
        {
          "type": "image",
          "assetId": "-N5XPqSdd",
          "checksum": "589cb637bd91399af6e6ec1a1f4bd9ff"
        },
        {
          "type": "image",
          "assetId": "4tBzfTriM",
          "checksum": "85ae9a08673f8e73f1a8fbef98161c36"
        },
        {
          "type": "image",
          "assetId": "BiT7BGEz2",
          "checksum": "3365b6ab77d780d5c804be0fa6c8e09f"
        },
        {
          "type": "image",
          "assetId": "CCHl3spxO",
          "checksum": "4f4ee32d00c68aae2cdf9380a1ddb66d"
        },
        {
          "type": "image",
          "assetId": "v0bej-kHI",
          "checksum": "22740ad1be104c6eda3b2df0ffe32c55"
        },
        {
          "type": "renderModule",
          "assetId": "l3hFJlm9M5",
          "checksum": "b1843792d9864679ee5e8a7457dc1fc8"
        },
        {
          "type": "cssRules",
          "assetId": "l3hFJlm9M5",
          "checksum": "b1843792d9864679ee5e8a7457dc1fc8"
        },
        {
          "assetId": "uhjxjVT6QbAZLostZzQbnY",
          "type": "projectCss",
          "checksum": "5575882d69b318b6257c2bbe59a1cce6"
        },
        {
          "type": "icon",
          "assetId": "Nv9Mk9xK9DSz04",
          "checksum": "8fc3143a54145abdce285410ac49fac1"
        },
        {
          "type": "icon",
          "assetId": "uihfrNacHfyMy2",
          "checksum": "977a96263a647210f007a4cd1385f245"
        },
        {
          "type": "icon",
          "assetId": "AJRRNB9n46isvp",
          "checksum": "c71531bc8d0cf40d670905778d05f6cb"
        },
        {
          "type": "icon",
          "assetId": "0CL-ccjiZH2uuv",
          "checksum": "1acc2067da96cf5779a4d1660275b86a"
        },
        {
          "type": "icon",
          "assetId": "KmFd3lxsIbO3kg",
          "checksum": "79768485346c71d2e8ca074f9db76b28"
        },
        {
          "type": "icon",
          "assetId": "uxVEIEbqX6_Ikt",
          "checksum": "a488bced1d2e37e6050caa1fb28f1b4d"
        },
        {
          "type": "icon",
          "assetId": "2p9tRxE-ddowNZ",
          "checksum": "1976ab2b06658172d824a6a2d6aa8f34"
        },
        {
          "type": "icon",
          "assetId": "F1XLPKNdf-R8iE",
          "checksum": "b4b3ee672f15fde2099c2bfc1206ac9a"
        },
        {
          "type": "icon",
          "assetId": "D5pKUfgzYgPDRv",
          "checksum": "0dea0e64f36ffe365080326ed45f026f"
        },
        {
          "type": "icon",
          "assetId": "55H0U5Ws4lBKft",
          "checksum": "3ba4d1f526960466722baa76201469da"
        },
        {
          "type": "icon",
          "assetId": "tkj6wWJJuIFY5v",
          "checksum": "07667b9e57d7a73755e523aaf71d4d0d"
        },
        {
          "type": "icon",
          "assetId": "MjsAu5HB6Z-71g",
          "checksum": "6a90cc03242b5b8921c367499953963f"
        },
        {
          "type": "icon",
          "assetId": "B57gMsg1WqTaaN",
          "checksum": "f6747830f738b3e7e7bbb4be5451da3f"
        },
        {
          "type": "icon",
          "assetId": "K_BsrVp5us52N8",
          "checksum": "2fc14f00647b75d5263f9409b855b4d2"
        },
        {
          "type": "icon",
          "assetId": "SP0oAFXJwqQxsU",
          "checksum": "945630e821eec2afadae96dfe45c919c"
        },
        {
          "type": "icon",
          "assetId": "8xUBL4DXAwcN5f",
          "checksum": "a081f3ce1a454c576539b60f4b65ebdd"
        },
        {
          "type": "icon",
          "assetId": "xdLy6_dMyyr2RX",
          "checksum": "9bea45b41fd3eea9682a43ea9d6aa3a0"
        },
        {
          "type": "icon",
          "assetId": "8Wkfz5QFCVhE7J",
          "checksum": "1ceb8710b76fdf62de2a5cc31a877b5b"
        },
        {
          "type": "icon",
          "assetId": "O2Dj6exjIcqxDr",
          "checksum": "e9f044b8f0ba58bcd14648324cf8ff64"
        },
        {
          "type": "icon",
          "assetId": "d-lLXWoiL",
          "checksum": "e31baf7054a11b8b6b020c7f7955e2c9"
        },
        {
          "type": "icon",
          "assetId": "J_YvrA4k4",
          "checksum": "eac654856c22401a668182d6e78fa615"
        },
        {
          "type": "icon",
          "assetId": "xyCcTYAld",
          "checksum": "b90ddbf1366df8ae69675069bfc17fe2"
        },
        {
          "type": "icon",
          "assetId": "ZAYKxCR5Ty",
          "checksum": "99f6d16234562d256969bf70288180e4"
        },
        {
          "type": "icon",
          "assetId": "xEgu2zZiEl",
          "checksum": "84d53cf37db7ee97c150cd98f5b6fe8f"
        },
        {
          "type": "icon",
          "assetId": "dkMQ3rMvk",
          "checksum": "8463b1286cd77ced6dfe734aaaddd9ed"
        },
        {
          "type": "icon",
          "assetId": "6dp29rw48Y",
          "checksum": "2db4e63341b2dcb36ada2bda14774c2d"
        },
        {
          "type": "icon",
          "assetId": "XWs4dbNTof",
          "checksum": "9bfb7975e3f590595eaf627443b527ce"
        }
      ]
    }
  ],
  "cliVersion": "0.1.149"
}
